
Microsoft Visual Studio Solution File, Format Version 12.00
# Visual Studio Version 16
VisualStudioVersion = 16.0.31624.102
MinimumVisualStudioVersion = 10.0.40219.1
Project("{FAE04EC0-301F-11D3-BF4B-00C04F79EFBC}") = "MergeBranch", "MergeBranch\MergeBranch.csproj", "{9EAEA7D0-DFEC-4582-A650-96CBCE38E5E3}"
EndProject
Global
	GlobalSection(SolutionConfigurationPlatforms) = preSolution
		Debug|Any CPU = Debug|Any CPU
		Release|Any CPU = Release|Any CPU
	EndGlobalSection
	GlobalSection(ProjectConfigurationPlatforms) = postSolution
		{9EAEA7D0-DFEC-4582-A650-96CBCE38E5E3}.Debug|Any CPU.ActiveCfg = Debug|Any CPU
		{9EAEA7D0-DFEC-4582-A650-96CBCE38E5E3}.Debug|Any CPU.Build.0 = Debug|Any CPU
		{9EAEA7D0-DFEC-4582-A650-96CBCE38E5E3}.Release|Any CPU.ActiveCfg = Release|Any CPU
		{9EAEA7D0-DFEC-4582-A650-96CBCE38E5E3}.Release|Any CPU.Build.0 = Release|Any CPU
	EndGlobalSection
	GlobalSection(SolutionProperties) = preSolution
		HideSolutionNode = FALSE
	EndGlobalSection
	GlobalSection(ExtensibilityGlobals) = postSolution
		SolutionGuid = {D48BDB61-BBDA-41EC-AAAE-1D80FACFA0BF}
	EndGlobalSection
EndGlobal
